langcode: en
status: true
dependencies:
  module:
    - paragraphs_browser
    - mdm_blocks
third_party_settings:
  paragraphs_browser:
    image_path: modules/contrib/mdm_paragraphs/src/images/pg_browser_icons/block.png
id: pgt_block
label: Block
icon_uuid: null
description: 'Adds a block as a paragraph'
behavior_plugins: {  }
